
Microsoft Visual Studio Solution File, Format Version 12.00
# Visual Studio Version 17
VisualStudioVersion = 17.0.31903.59
MinimumVisualStudioVersion = 10.0.40219.1
Project("{FAE04EC0-301F-11D3-BF4B-00C04F79EFBC}") = "LegionLoqControl", "LegionLoqControl\LegionLoqControl.csproj", "{C33A7179-263E-4CD9-978D-E8A760636AD7}"
EndProject
Project("{FAE04EC0-301F-11D3-BF4B-00C04F79EFBC}") = "LegionLoqControl.Core", "LegionLoqControl.Core\LegionLoqControl.Core.csproj", "{943F7A73-FC5C-41D5-8340-CD0D460E975D}"
EndProject
Project("{2150E333-8FDC-42A3-9474-1A3956D46DE8}") = "tests", "tests", "{0AB3BF05-4346-4AA6-1389-037BE0695223}"
EndProject
Project("{FAE04EC0-301F-11D3-BF4B-00C04F79EFBC}") = "LegionLoqControl.Core.Tests", "tests\LegionLoqControl.Core.Tests\LegionLoqControl.Core.Tests.csproj", "{AA8EB957-1A1A-4BDF-893A-232678C63375}"
EndProject
Project("{2150E333-8FDC-42A3-9474-1A3956D46DE8}") = "src", "src", "{827E0CD3-B72D-47B6-A68D-7590B98EB39B}"
EndProject
Project("{FAE04EC0-301F-11D3-BF4B-00C04F79EFBC}") = "LegionLoqControl.Domain", "src\LegionLoqControl.Domain\LegionLoqControl.Domain.csproj", "{AE139A36-6293-4154-BF55-516433149F06}"
EndProject
Project("{FAE04EC0-301F-11D3-BF4B-00C04F79EFBC}") = "LegionLoqControl.Application", "src\LegionLoqControl.Application\LegionLoqControl.Application.csproj", "{7448B2A4-725F-4003-98CB-E198C1BBF731}"
EndProject
Project("{FAE04EC0-301F-11D3-BF4B-00C04F79EFBC}") = "LegionLoqControl.Contracts", "src\LegionLoqControl.Contracts\LegionLoqControl.Contracts.csproj", "{96ECAD8B-A94E-4DD2-A089-2C93C9F41338}"
EndProject
Project("{FAE04EC0-301F-11D3-BF4B-00C04F79EFBC}") = "LegionLoqControl.Infrastructure.Windows", "src\LegionLoqControl.Infrastructure.Windows\LegionLoqControl.Infrastructure.Windows.csproj", "{6AA3CB96-A0C5-4299-AFA5-A61021A5C969}"
EndProject
Project("{FAE04EC0-301F-11D3-BF4B-00C04F79EFBC}") = "LegionLoqControl.Platform.Tests", "tests\LegionLoqControl.Platform.Tests\LegionLoqControl.Platform.Tests.csproj", "{4D878049-B2DA-4E37-9377-3F1FACE1FD86}"
EndProject
Global
	GlobalSection(SolutionConfigurationPlatforms) = preSolution
		Debug|Any CPU = Debug|Any CPU
		Debug|x64 = Debug|x64
		Debug|x86 = Debug|x86
		Release|Any CPU = Release|Any CPU
		Release|x64 = Release|x64
		Release|x86 = Release|x86
	EndGlobalSection
	GlobalSection(ProjectConfigurationPlatforms) = postSolution
		{C33A7179-263E-4CD9-978D-E8A760636AD7}.Debug|Any CPU.ActiveCfg = Debug|Any CPU
		{C33A7179-263E-4CD9-978D-E8A760636AD7}.Debug|Any CPU.Build.0 = Debug|Any CPU
		{C33A7179-263E-4CD9-978D-E8A760636AD7}.Debug|x64.ActiveCfg = Debug|Any CPU
		{C33A7179-263E-4CD9-978D-E8A760636AD7}.Debug|x64.Build.0 = Debug|Any CPU
		{C33A7179-263E-4CD9-978D-E8A760636AD7}.Debug|x86.ActiveCfg = Debug|Any CPU
		{C33A7179-263E-4CD9-978D-E8A760636AD7}.Debug|x86.Build.0 = Debug|Any CPU
		{C33A7179-263E-4CD9-978D-E8A760636AD7}.Release|Any CPU.ActiveCfg = Release|Any CPU
		{C33A7179-263E-4CD9-978D-E8A760636AD7}.Release|Any CPU.Build.0 = Release|Any CPU
		{C33A7179-263E-4CD9-978D-E8A760636AD7}.Release|x64.ActiveCfg = Release|Any CPU
		{C33A7179-263E-4CD9-978D-E8A760636AD7}.Release|x64.Build.0 = Release|Any CPU
		{C33A7179-263E-4CD9-978D-E8A760636AD7}.Release|x86.ActiveCfg = Release|Any CPU
		{C33A7179-263E-4CD9-978D-E8A760636AD7}.Release|x86.Build.0 = Release|Any CPU
		{943F7A73-FC5C-41D5-8340-CD0D460E975D}.Debug|Any CPU.ActiveCfg = Debug|Any CPU
		{943F7A73-FC5C-41D5-8340-CD0D460E975D}.Debug|Any CPU.Build.0 = Debug|Any CPU
		{943F7A73-FC5C-41D5-8340-CD0D460E975D}.Debug|x64.ActiveCfg = Debug|Any CPU
		{943F7A73-FC5C-41D5-8340-CD0D460E975D}.Debug|x64.Build.0 = Debug|Any CPU
		{943F7A73-FC5C-41D5-8340-CD0D460E975D}.Debug|x86.ActiveCfg = Debug|Any CPU
		{943F7A73-FC5C-41D5-8340-CD0D460E975D}.Debug|x86.Build.0 = Debug|Any CPU
		{943F7A73-FC5C-41D5-8340-CD0D460E975D}.Release|Any CPU.ActiveCfg = Release|Any CPU
		{943F7A73-FC5C-41D5-8340-CD0D460E975D}.Release|Any CPU.Build.0 = Release|Any CPU
		{943F7A73-FC5C-41D5-8340-CD0D460E975D}.Release|x64.ActiveCfg = Release|Any CPU
		{943F7A73-FC5C-41D5-8340-CD0D460E975D}.Release|x64.Build.0 = Release|Any CPU
		{943F7A73-FC5C-41D5-8340-CD0D460E975D}.Release|x86.ActiveCfg = Release|Any CPU
		{943F7A73-FC5C-41D5-8340-CD0D460E975D}.Release|x86.Build.0 = Release|Any CPU
		{AA8EB957-1A1A-4BDF-893A-232678C63375}.Debug|Any CPU.ActiveCfg = Debug|Any CPU
		{AA8EB957-1A1A-4BDF-893A-232678C63375}.Debug|Any CPU.Build.0 = Debug|Any CPU
		{AA8EB957-1A1A-4BDF-893A-232678C63375}.Debug|x64.ActiveCfg = Debug|Any CPU
		{AA8EB957-1A1A-4BDF-893A-232678C63375}.Debug|x64.Build.0 = Debug|Any CPU
		{AA8EB957-1A1A-4BDF-893A-232678C63375}.Debug|x86.ActiveCfg = Debug|Any CPU
		{AA8EB957-1A1A-4BDF-893A-232678C63375}.Debug|x86.Build.0 = Debug|Any CPU
		{AA8EB957-1A1A-4BDF-893A-232678C63375}.Release|Any CPU.ActiveCfg = Release|Any CPU
		{AA8EB957-1A1A-4BDF-893A-232678C63375}.Release|Any CPU.Build.0 = Release|Any CPU
		{AA8EB957-1A1A-4BDF-893A-232678C63375}.Release|x64.ActiveCfg = Release|Any CPU
		{AA8EB957-1A1A-4BDF-893A-232678C63375}.Release|x64.Build.0 = Release|Any CPU
		{AA8EB957-1A1A-4BDF-893A-232678C63375}.Release|x86.ActiveCfg = Release|Any CPU
		{AA8EB957-1A1A-4BDF-893A-232678C63375}.Release|x86.Build.0 = Release|Any CPU
		{AE139A36-6293-4154-BF55-516433149F06}.Debug|Any CPU.ActiveCfg = Debug|Any CPU
		{AE139A36-6293-4154-BF55-516433149F06}.Debug|Any CPU.Build.0 = Debug|Any CPU
		{AE139A36-6293-4154-BF55-516433149F06}.Debug|x64.ActiveCfg = Debug|Any CPU
		{AE139A36-6293-4154-BF55-516433149F06}.Debug|x64.Build.0 = Debug|Any CPU
		{AE139A36-6293-4154-BF55-516433149F06}.Debug|x86.ActiveCfg = Debug|Any CPU
		{AE139A36-6293-4154-BF55-516433149F06}.Debug|x86.Build.0 = Debug|Any CPU
		{AE139A36-6293-4154-BF55-516433149F06}.Release|Any CPU.ActiveCfg = Release|Any CPU
		{AE139A36-6293-4154-BF55-516433149F06}.Release|Any CPU.Build.0 = Release|Any CPU
		{AE139A36-6293-4154-BF55-516433149F06}.Release|x64.ActiveCfg = Release|Any CPU
		{AE139A36-6293-4154-BF55-516433149F06}.Release|x64.Build.0 = Release|Any CPU
		{AE139A36-6293-4154-BF55-516433149F06}.Release|x86.ActiveCfg = Release|Any CPU
		{AE139A36-6293-4154-BF55-516433149F06}.Release|x86.Build.0 = Release|Any CPU
		{7448B2A4-725F-4003-98CB-E198C1BBF731}.Debug|Any CPU.ActiveCfg = Debug|Any CPU
		{7448B2A4-725F-4003-98CB-E198C1BBF731}.Debug|Any CPU.Build.0 = Debug|Any CPU
		{7448B2A4-725F-4003-98CB-E198C1BBF731}.Debug|x64.ActiveCfg = Debug|Any CPU
		{7448B2A4-725F-4003-98CB-E198C1BBF731}.Debug|x64.Build.0 = Debug|Any CPU
		{7448B2A4-725F-4003-98CB-E198C1BBF731}.Debug|x86.ActiveCfg = Debug|Any CPU
		{7448B2A4-725F-4003-98CB-E198C1BBF731}.Debug|x86.Build.0 = Debug|Any CPU
		{7448B2A4-725F-4003-98CB-E198C1BBF731}.Release|Any CPU.ActiveCfg = Release|Any CPU
		{7448B2A4-725F-4003-98CB-E198C1BBF731}.Release|Any CPU.Build.0 = Release|Any CPU
		{7448B2A4-725F-4003-98CB-E198C1BBF731}.Release|x64.ActiveCfg = Release|Any CPU
		{7448B2A4-725F-4003-98CB-E198C1BBF731}.Release|x64.Build.0 = Release|Any CPU
		{7448B2A4-725F-4003-98CB-E198C1BBF731}.Release|x86.ActiveCfg = Release|Any CPU
		{7448B2A4-725F-4003-98CB-E198C1BBF731}.Release|x86.Build.0 = Release|Any CPU
		{96ECAD8B-A94E-4DD2-A089-2C93C9F41338}.Debug|Any CPU.ActiveCfg = Debug|Any CPU
		{96ECAD8B-A94E-4DD2-A089-2C93C9F41338}.Debug|Any CPU.Build.0 = Debug|Any CPU
		{96ECAD8B-A94E-4DD2-A089-2C93C9F41338}.Debug|x64.ActiveCfg = Debug|Any CPU
		{96ECAD8B-A94E-4DD2-A089-2C93C9F41338}.Debug|x64.Build.0 = Debug|Any CPU
		{96ECAD8B-A94E-4DD2-A089-2C93C9F41338}.Debug|x86.ActiveCfg = Debug|Any CPU
		{96ECAD8B-A94E-4DD2-A089-2C93C9F41338}.Debug|x86.Build.0 = Debug|Any CPU
		{96ECAD8B-A94E-4DD2-A089-2C93C9F41338}.Release|Any CPU.ActiveCfg = Release|Any CPU
		{96ECAD8B-A94E-4DD2-A089-2C93C9F41338}.Release|Any CPU.Build.0 = Release|Any CPU
		{96ECAD8B-A94E-4DD2-A089-2C93C9F41338}.Release|x64.ActiveCfg = Release|Any CPU
		{96ECAD8B-A94E-4DD2-A089-2C93C9F41338}.Release|x64.Build.0 = Release|Any CPU
		{96ECAD8B-A94E-4DD2-A089-2C93C9F41338}.Release|x86.ActiveCfg = Release|Any CPU
		{96ECAD8B-A94E-4DD2-A089-2C93C9F41338}.Release|x86.Build.0 = Release|Any CPU
		{6AA3CB96-A0C5-4299-AFA5-A61021A5C969}.Debug|Any CPU.ActiveCfg = Debug|Any CPU
		{6AA3CB96-A0C5-4299-AFA5-A61021A5C969}.Debug|Any CPU.Build.0 = Debug|Any CPU
		{6AA3CB96-A0C5-4299-AFA5-A61021A5C969}.Debug|x64.ActiveCfg = Debug|Any CPU
		{6AA3CB96-A0C5-4299-AFA5-A61021A5C969}.Debug|x64.Build.0 = Debug|Any CPU
		{6AA3CB96-A0C5-4299-AFA5-A61021A5C969}.Debug|x86.ActiveCfg = Debug|Any CPU
		{6AA3CB96-A0C5-4299-AFA5-A61021A5C969}.Debug|x86.Build.0 = Debug|Any CPU
		{6AA3CB96-A0C5-4299-AFA5-A61021A5C969}.Release|Any CPU.ActiveCfg = Release|Any CPU
		{6AA3CB96-A0C5-4299-AFA5-A61021A5C969}.Release|Any CPU.Build.0 = Release|Any CPU
		{6AA3CB96-A0C5-4299-AFA5-A61021A5C969}.Release|x64.ActiveCfg = Release|Any CPU
		{6AA3CB96-A0C5-4299-AFA5-A61021A5C969}.Release|x64.Build.0 = Release|Any CPU
		{6AA3CB96-A0C5-4299-AFA5-A61021A5C969}.Release|x86.ActiveCfg = Release|Any CPU
		{6AA3CB96-A0C5-4299-AFA5-A61021A5C969}.Release|x86.Build.0 = Release|Any CPU
		{4D878049-B2DA-4E37-9377-3F1FACE1FD86}.Debug|Any CPU.ActiveCfg = Debug|Any CPU
		{4D878049-B2DA-4E37-9377-3F1FACE1FD86}.Debug|Any CPU.Build.0 = Debug|Any CPU
		{4D878049-B2DA-4E37-9377-3F1FACE1FD86}.Debug|x64.ActiveCfg = Debug|Any CPU
		{4D878049-B2DA-4E37-9377-3F1FACE1FD86}.Debug|x64.Build.0 = Debug|Any CPU
		{4D878049-B2DA-4E37-9377-3F1FACE1FD86}.Debug|x86.ActiveCfg = Debug|Any CPU
		{4D878049-B2DA-4E37-9377-3F1FACE1FD86}.Debug|x86.Build.0 = Debug|Any CPU
		{4D878049-B2DA-4E37-9377-3F1FACE1FD86}.Release|Any CPU.ActiveCfg = Release|Any CPU
		{4D878049-B2DA-4E37-9377-3F1FACE1FD86}.Release|Any CPU.Build.0 = Release|Any CPU
		{4D878049-B2DA-4E37-9377-3F1FACE1FD86}.Release|x64.ActiveCfg = Release|Any CPU
		{4D878049-B2DA-4E37-9377-3F1FACE1FD86}.Release|x64.Build.0 = Release|Any CPU
		{4D878049-B2DA-4E37-9377-3F1FACE1FD86}.Release|x86.ActiveCfg = Release|Any CPU
		{4D878049-B2DA-4E37-9377-3F1FACE1FD86}.Release|x86.Build.0 = Release|Any CPU
	EndGlobalSection
	GlobalSection(SolutionProperties) = preSolution
		HideSolutionNode = FALSE
	EndGlobalSection
	GlobalSection(NestedProjects) = preSolution
		{AA8EB957-1A1A-4BDF-893A-232678C63375} = {0AB3BF05-4346-4AA6-1389-037BE0695223}
		{AE139A36-6293-4154-BF55-516433149F06} = {827E0CD3-B72D-47B6-A68D-7590B98EB39B}
		{7448B2A4-725F-4003-98CB-E198C1BBF731} = {827E0CD3-B72D-47B6-A68D-7590B98EB39B}
		{96ECAD8B-A94E-4DD2-A089-2C93C9F41338} = {827E0CD3-B72D-47B6-A68D-7590B98EB39B}
		{6AA3CB96-A0C5-4299-AFA5-A61021A5C969} = {827E0CD3-B72D-47B6-A68D-7590B98EB39B}
		{4D878049-B2DA-4E37-9377-3F1FACE1FD86} = {0AB3BF05-4346-4AA6-1389-037BE0695223}
	EndGlobalSection
EndGlobal
