{
  "version": 2,
  "dependencies": {
    "net10.0-windows7.0": {
      "Microsoft.Management.Infrastructure.Runtime.Unix": {
        "type": "Transitive",
        "resolved": "3.0.0",
        "contentHash": "QZE3uEDvZ0m7LabQvcmNOYHp7v1QPBVMpB/ild0WEE8zqUVAP5y9rRI5we37ImI1bQmW5pZ+3HNC70POPm0jBQ=="
      },
      "Microsoft.Management.Infrastructure.Runtime.Win": {
        "type": "Transitive",
        "resolved": "3.0.0",
        "contentHash": "uwMyWN33+iQ8Wm/n1yoPXgFoiYNd0HzJyoqSVhaQZyJfaQrJR3udgcIHjqa1qbc3lS6kvfuUMN4TrF4U4refCQ=="
      },
      "System.CodeDom": {
        "type": "Transitive",
        "resolved": "10.0.10",
        "contentHash": "lru5igKxs4OgWKfMeOpMAYpfB1tNSSXHk2zyiSDO/h0u8RVAhN6KqW9d3ANybDB+ePIHg6HM/NlE8HlpOk4k5A=="
      },
      "legionloqcontrol.application": {
        "type": "Project",
        "dependencies": {
          "LegionLoqControl.Domain": "[1.0.0, )"
        }
      },
      "legionloqcontrol.contracts": {
        "type": "Project",
        "dependencies": {
          "LegionLoqControl.Domain": "[1.0.0, )"
        }
      },
      "legionloqcontrol.domain": {
        "type": "Project"
      },
      "legionloqcontrol.infrastructure.windows": {
        "type": "Project",
        "dependencies": {
          "HidSharp": "[2.6.4, )",
          "LegionLoqControl.Application": "[1.0.0, )",
          "LegionLoqControl.Contracts": "[1.0.0, )",
          "LegionLoqControl.Domain": "[1.0.0, )",
          "Microsoft.Management.Infrastructure": "[3.0.0, )",
          "System.Management": "[10.0.10, )"
        }
      },
      "HidSharp": {
        "type": "CentralTransitive",
        "requested": "[2.6.4, )",
        "resolved": "2.6.4",
        "contentHash": "UcGvtnXFcatwHBXr+ei8GEXvg//wjGmDGQ6Xvb+7M4vHjURAhSLIJ+dSZv0BnAhQEpNlH8G4P7JxYnMH8Aph4g=="
      },
      "Microsoft.Management.Infrastructure": {
        "type": "CentralTransitive",
        "requested": "[3.0.0, )",
        "resolved": "3.0.0",
        "contentHash": "cGZi0q5IujCTVYKo9h22Pw+UwfZDV82HXO8HTxMG2HqntPlT3Ls8jY6punLp4YzCypJNpfCAu2kae3TIyuAiJw==",
        "dependencies": {
          "Microsoft.Management.Infrastructure.Runtime.Unix": "3.0.0",
          "Microsoft.Management.Infrastructure.Runtime.Win": "3.0.0"
        }
      },
      "System.Management": {
        "type": "CentralTransitive",
        "requested": "[10.0.10, )",
        "resolved": "10.0.10",
        "contentHash": "U13ksdXfQlF2WDdu3S4ZPVpikFs2HgV3dbJJZLeZpBIQ4z/xCmQnwEf6LsEEIC2zSamVVa1acA9RdVhZwnWKeA==",
        "dependencies": {
          "System.CodeDom": "10.0.10"
        }
      }
    }
  }
}